
Microsoft Visual Studio Solution File, Format Version 12.00
# Visual Studio 15
VisualStudioVersion = 15.0.28010.2026
MinimumVisualStudioVersion = 10.0.40219.1
Project("{FAE04EC0-301F-11D3-BF4B-00C04F79EFBC}") = "StroopEffect", "StroopEffect\StroopEffect.csproj", "{58F10359-8951-4136-8B02-2CE5D813C8A2}"
EndProject
Global
	GlobalSection(SolutionConfigurationPlatforms) = preSolution
		Debug|Any CPU = Debug|Any CPU
		Release|Any CPU = Release|Any CPU
	EndGlobalSection
	GlobalSection(ProjectConfigurationPlatforms) = postSolution
		{58F10359-8951-4136-8B02-2CE5D813C8A2}.Debug|Any CPU.ActiveCfg = Debug|Any CPU
		{58F10359-8951-4136-8B02-2CE5D813C8A2}.Debug|Any CPU.Build.0 = Debug|Any CPU
		{58F10359-8951-4136-8B02-2CE5D813C8A2}.Release|Any CPU.ActiveCfg = Release|Any CPU
		{58F10359-8951-4136-8B02-2CE5D813C8A2}.Release|Any CPU.Build.0 = Release|Any CPU
	EndGlobalSection
	GlobalSection(SolutionProperties) = preSolution
		HideSolutionNode = FALSE
	EndGlobalSection
	GlobalSection(ExtensibilityGlobals) = postSolution
		SolutionGuid = {CBC0970D-5DA9-4262-B75B-0E2984BA8A63}
	EndGlobalSection
EndGlobal
